
Microsoft Visual Studio Solution File, Format Version 12.00
# Visual Studio 2013
VisualStudioVersion = 12.0.40629.0
MinimumVisualStudioVersion = 10.0.40219.1
Project("{FAE04EC0-301F-11D3-BF4B-00C04F79EFBC}") = "DatabaseAutoFill", "DatabaseAutoFill.csproj", "{FA5B9AA8-43CF-4ABA-BE16-644F0515FB62}"
EndProject
Project("{FAE04EC0-301F-11D3-BF4B-00C04F79EFBC}") = "test_DatabaseAutoFill", "test_DatabaseAutoFill\test_DatabaseAutoFill.csproj", "{F109200D-A9DF-4125-971A-FD0228594CE7}"
EndProject
Global
	GlobalSection(SolutionConfigurationPlatforms) = preSolution
		Debug|Any CPU = Debug|Any CPU
		Debug|x86 = Debug|x86
		Release|Any CPU = Release|Any CPU
		Release|x86 = Release|x86
	EndGlobalSection
	GlobalSection(ProjectConfigurationPlatforms) = postSolution
		{FA5B9AA8-43CF-4ABA-BE16-644F0515FB62}.Debug|Any CPU.ActiveCfg = Debug|Any CPU
		{FA5B9AA8-43CF-4ABA-BE16-644F0515FB62}.Debug|Any CPU.Build.0 = Debug|Any CPU
		{FA5B9AA8-43CF-4ABA-BE16-644F0515FB62}.Debug|x86.ActiveCfg = Debug|x86
		{FA5B9AA8-43CF-4ABA-BE16-644F0515FB62}.Debug|x86.Build.0 = Debug|x86
		{FA5B9AA8-43CF-4ABA-BE16-644F0515FB62}.Release|Any CPU.ActiveCfg = Release|Any CPU
		{FA5B9AA8-43CF-4ABA-BE16-644F0515FB62}.Release|Any CPU.Build.0 = Release|Any CPU
		{FA5B9AA8-43CF-4ABA-BE16-644F0515FB62}.Release|x86.ActiveCfg = Release|x86
		{FA5B9AA8-43CF-4ABA-BE16-644F0515FB62}.Release|x86.Build.0 = Release|x86
		{F109200D-A9DF-4125-971A-FD0228594CE7}.Debug|Any CPU.ActiveCfg = Debug|Any CPU
		{F109200D-A9DF-4125-971A-FD0228594CE7}.Debug|Any CPU.Build.0 = Debug|Any CPU
		{F109200D-A9DF-4125-971A-FD0228594CE7}.Debug|x86.ActiveCfg = Debug|Any CPU
		{F109200D-A9DF-4125-971A-FD0228594CE7}.Release|Any CPU.ActiveCfg = Release|Any CPU
		{F109200D-A9DF-4125-971A-FD0228594CE7}.Release|Any CPU.Build.0 = Release|Any CPU
		{F109200D-A9DF-4125-971A-FD0228594CE7}.Release|x86.ActiveCfg = Release|Any CPU
	EndGlobalSection
	GlobalSection(SolutionProperties) = preSolution
		HideSolutionNode = FALSE
	EndGlobalSection
EndGlobal
